
Microsoft Visual Studio Solution File, Format Version 12.00
# Visual Studio 15
VisualStudioVersion = 15.0.28307.489
MinimumVisualStudioVersion = 10.0.40219.1
Project("{FAE04EC0-301F-11D3-BF4B-00C04F79EFBC}") = "WebApp-FlightSimulator", "WebApp-FlightSimulator\WebApp-FlightSimulator.csproj", "{BFB653A6-ACE0-4428-AFCB-D75DEC23DDFF}"
EndProject
Global
	GlobalSection(SolutionConfigurationPlatforms) = preSolution
		Debug|Any CPU = Debug|Any CPU
		Release|Any CPU = Release|Any CPU
	EndGlobalSection
	GlobalSection(ProjectConfigurationPlatforms) = postSolution
		{BFB653A6-ACE0-4428-AFCB-D75DEC23DDFF}.Debug|Any CPU.ActiveCfg = Debug|Any CPU
		{BFB653A6-ACE0-4428-AFCB-D75DEC23DDFF}.Debug|Any CPU.Build.0 = Debug|Any CPU
		{BFB653A6-ACE0-4428-AFCB-D75DEC23DDFF}.Release|Any CPU.ActiveCfg = Release|Any CPU
		{BFB653A6-ACE0-4428-AFCB-D75DEC23DDFF}.Release|Any CPU.Build.0 = Release|Any CPU
	EndGlobalSection
	GlobalSection(SolutionProperties) = preSolution
		HideSolutionNode = FALSE
	EndGlobalSection
	GlobalSection(ExtensibilityGlobals) = postSolution
		SolutionGuid = {BE9FC632-2D1A-4D78-B6F0-A9753586DE41}
	EndGlobalSection
EndGlobal
